
Microsoft Visual Studio Solution File, Format Version 12.00
# Visual Studio Version 17
VisualStudioVersion = 17.3.32901.215
MinimumVisualStudioVersion = 10.0.40219.1
Project("{FAE04EC0-301F-11D3-BF4B-00C04F79EFBC}") = "SnakeCloneGruppe1", "SnakeCloneGruppe1.csproj", "{155B22DA-D827-48B2-8629-9B1E8FFCDB38}"
EndProject
Global
	GlobalSection(SolutionConfigurationPlatforms) = preSolution
		Debug|Any CPU = Debug|Any CPU
		Release|Any CPU = Release|Any CPU
	EndGlobalSection
	GlobalSection(ProjectConfigurationPlatforms) = postSolution
		{155B22DA-D827-48B2-8629-9B1E8FFCDB38}.Debug|Any CPU.ActiveCfg = Debug|Any CPU
		{155B22DA-D827-48B2-8629-9B1E8FFCDB38}.Debug|Any CPU.Build.0 = Debug|Any CPU
		{155B22DA-D827-48B2-8629-9B1E8FFCDB38}.Release|Any CPU.ActiveCfg = Release|Any CPU
		{155B22DA-D827-48B2-8629-9B1E8FFCDB38}.Release|Any CPU.Build.0 = Release|Any CPU
	EndGlobalSection
	GlobalSection(SolutionProperties) = preSolution
		HideSolutionNode = FALSE
	EndGlobalSection
	GlobalSection(ExtensibilityGlobals) = postSolution
		SolutionGuid = {0F2E888C-6687-4A53-B331-54FC29DAA857}
	EndGlobalSection
EndGlobal
